
Microsoft Visual Studio Solution File, Format Version 12.00
# Visual Studio Version 17
VisualStudioVersion = 17.14.36212.18 d17.14
MinimumVisualStudioVersion = 10.0.40219.1
Project("{FAE04EC0-301F-11D3-BF4B-00C04F79EFBC}") = "assignment-c#-oop02", "assignment-c#-oop02.csproj", "{F9EE1A73-6BDE-4762-8CC0-5B677346ACB1}"
EndProject
Global
	GlobalSection(SolutionConfigurationPlatforms) = preSolution
		Debug|Any CPU = Debug|Any CPU
		Release|Any CPU = Release|Any CPU
	EndGlobalSection
	GlobalSection(ProjectConfigurationPlatforms) = postSolution
		{F9EE1A73-6BDE-4762-8CC0-5B677346ACB1}.Debug|Any CPU.ActiveCfg = Debug|Any CPU
		{F9EE1A73-6BDE-4762-8CC0-5B677346ACB1}.Debug|Any CPU.Build.0 = Debug|Any CPU
		{F9EE1A73-6BDE-4762-8CC0-5B677346ACB1}.Release|Any CPU.ActiveCfg = Release|Any CPU
		{F9EE1A73-6BDE-4762-8CC0-5B677346ACB1}.Release|Any CPU.Build.0 = Release|Any CPU
	EndGlobalSection
	GlobalSection(SolutionProperties) = preSolution
		HideSolutionNode = FALSE
	EndGlobalSection
	GlobalSection(ExtensibilityGlobals) = postSolution
		SolutionGuid = {9C55CE4F-8500-44FC-91A1-B0D6450C88BE}
	EndGlobalSection
EndGlobal
